
Microsoft Visual Studio Solution File, Format Version 12.00
# Visual Studio Version 16
VisualStudioVersion = 16.0.33328.57
MinimumVisualStudioVersion = 10.0.40219.1
Project("{9A19103F-16F7-4668-BE54-9A1E7A4F7556}") = "eCommerce.API", "eCommerce.API\eCommerce.API.csproj", "{DCCA665D-5484-4338-906C-D38087C49677}"
EndProject
Project("{FAE04EC0-301F-11D3-BF4B-00C04F79EFBC}") = "eCommerce.Application", "eCommerce.Application\eCommerce.Application.csproj", "{21D75CB6-C096-4C4F-B7D9-915E13D20F04}"
EndProject
Project("{FAE04EC0-301F-11D3-BF4B-00C04F79EFBC}") = "eCommerce.Domain", "eCommerce.Domain\eCommerce.Domain.csproj", "{D0A38185-68CF-4A38-A6D7-97ECEE6D0592}"
EndProject
Project("{FAE04EC0-301F-11D3-BF4B-00C04F79EFBC}") = "eCommerce.Infrastructure", "eCommerce.Infrastructure\eCommerce.Infrastructure.csproj", "{5E04D458-1319-4EE0-83BB-2123BF4995DB}"
EndProject
Project("{FAE04EC0-301F-11D3-BF4B-00C04F79EFBC}") = "eCommerce.Persistence", "eCommerce.Persistence\eCommerce.Persistence.csproj", "{3B59EDE3-63AD-4ED4-B75E-6FA7448EA1C6}"
EndProject
Global
	GlobalSection(SolutionConfigurationPlatforms) = preSolution
		Debug|Any CPU = Debug|Any CPU
		Release|Any CPU = Release|Any CPU
	EndGlobalSection
	GlobalSection(ProjectConfigurationPlatforms) = postSolution
		{DCCA665D-5484-4338-906C-D38087C49677}.Debug|Any CPU.ActiveCfg = Debug|Any CPU
		{DCCA665D-5484-4338-906C-D38087C49677}.Debug|Any CPU.Build.0 = Debug|Any CPU
		{DCCA665D-5484-4338-906C-D38087C49677}.Release|Any CPU.ActiveCfg = Release|Any CPU
		{DCCA665D-5484-4338-906C-D38087C49677}.Release|Any CPU.Build.0 = Release|Any CPU
		{21D75CB6-C096-4C4F-B7D9-915E13D20F04}.Debug|Any CPU.ActiveCfg = Debug|Any CPU
		{21D75CB6-C096-4C4F-B7D9-915E13D20F04}.Debug|Any CPU.Build.0 = Debug|Any CPU
		{21D75CB6-C096-4C4F-B7D9-915E13D20F04}.Release|Any CPU.ActiveCfg = Release|Any CPU
		{21D75CB6-C096-4C4F-B7D9-915E13D20F04}.Release|Any CPU.Build.0 = Release|Any CPU
		{D0A38185-68CF-4A38-A6D7-97ECEE6D0592}.Debug|Any CPU.ActiveCfg = Debug|Any CPU
		{D0A38185-68CF-4A38-A6D7-97ECEE6D0592}.Debug|Any CPU.Build.0 = Debug|Any CPU
		{D0A38185-68CF-4A38-A6D7-97ECEE6D0592}.Release|Any CPU.ActiveCfg = Release|Any CPU
		{D0A38185-68CF-4A38-A6D7-97ECEE6D0592}.Release|Any CPU.Build.0 = Release|Any CPU
		{5E04D458-1319-4EE0-83BB-2123BF4995DB}.Debug|Any CPU.ActiveCfg = Debug|Any CPU
		{5E04D458-1319-4EE0-83BB-2123BF4995DB}.Debug|Any CPU.Build.0 = Debug|Any CPU
		{5E04D458-1319-4EE0-83BB-2123BF4995DB}.Release|Any CPU.ActiveCfg = Release|Any CPU
		{5E04D458-1319-4EE0-83BB-2123BF4995DB}.Release|Any CPU.Build.0 = Release|Any CPU
		{3B59EDE3-63AD-4ED4-B75E-6FA7448EA1C6}.Debug|Any CPU.ActiveCfg = Debug|Any CPU
		{3B59EDE3-63AD-4ED4-B75E-6FA7448EA1C6}.Debug|Any CPU.Build.0 = Debug|Any CPU
		{3B59EDE3-63AD-4ED4-B75E-6FA7448EA1C6}.Release|Any CPU.ActiveCfg = Release|Any CPU
		{3B59EDE3-63AD-4ED4-B75E-6FA7448EA1C6}.Release|Any CPU.Build.0 = Release|Any CPU
	EndGlobalSection
	GlobalSection(SolutionProperties) = preSolution
		HideSolutionNode = FALSE
	EndGlobalSection
	GlobalSection(ExtensibilityGlobals) = postSolution
		SolutionGuid = {C9E39A80-8F02-482C-A163-61BC285B2B60}
	EndGlobalSection
EndGlobal
